// !$*UTF8*$!
{
	archiveVersion = 1;
	classes = {
	};
	objectVersion = 46;
	objects = {

/* Begin PBXBuildFile section */
		1893BBF91ED3CD2100631B55 /* main.m in Sources */ = {isa = PBXBuildFile; fileRef = 1893BBF81ED3CD2100631B55 /* main.m */; };
		1893BBFC1ED3CD2100631B55 /* AppDelegate.m in Sources */ = {isa = PBXBuildFile; fileRef = 1893BBFB1ED3CD2100631B55 /* AppDelegate.m */; };
		1893BBFF1ED3CD2100631B55 /* ViewController.m in Sources */ = {isa = PBXBuildFile; fileRef = 1893BBFE1ED3CD2100631B55 /* ViewController.m */; };
		1893BC021ED3CD2100631B55 /* Main.storyboard in Resources */ = {isa = PBXBuildFile; fileRef = 1893BC001ED3CD2100631B55 /* Main.storyboard */; };
		1893BC041ED3CD2100631B55 /* Assets.xcassets in Resources */ = {isa = PBXBuildFile; fileRef = 1893BC031ED3CD2100631B55 /* Assets.xcassets */; };
		1893BC071ED3CD2100631B55 /* LaunchScreen.storyboard in Resources */ = {isa = PBXBuildFile; fileRef = 1893BC051ED3CD2100631B55 /* LaunchScreen.storyboard */; };
		1893BC121ED3CD2100631B55 /* Share_PayDemoTests.m in Sources */ = {isa = PBXBuildFile; fileRef = 1893BC111ED3CD2100631B55 /* Share_PayDemoTests.m */; };
		1893BC1D1ED3CD2100631B55 /* Share_PayDemoUITests.m in Sources */ = {isa = PBXBuildFile; fileRef = 1893BC1C1ED3CD2100631B55 /* Share_PayDemoUITests.m */; };
		1893BC511ED3CFF300631B55 /* libc++.tbd in Frameworks */ = {isa = PBXBuildFile; fileRef = 1893BC501ED3CFF300631B55 /* libc++.tbd */; };
		1893BC531ED3D00A00631B55 /* libsqlite3.tbd in Frameworks */ = {isa = PBXBuildFile; fileRef = 1893BC521ED3D00A00631B55 /* libsqlite3.tbd */; };
		1893BC571ED3D04B00631B55 /* libz.tbd in Frameworks */ = {isa = PBXBuildFile; fileRef = 1893BC561ED3D04B00631B55 /* libz.tbd */; };
		1893BC591ED3D06600631B55 /* CoreTelephony.framework in Frameworks */ = {isa = PBXBuildFile; fileRef = 1893BC581ED3D06600631B55 /* CoreTelephony.framework */; };
		1893BC5B1ED3D07600631B55 /* SystemConfiguration.framework in Frameworks */ = {isa = PBXBuildFile; fileRef = 1893BC5A1ED3D07600631B55 /* SystemConfiguration.framework */; };
		1893BC6F1ED3D62400631B55 /* CoreMotion.framework in Frameworks */ = {isa = PBXBuildFile; fileRef = 1893BC6E1ED3D62400631B55 /* CoreMotion.framework */; };
		18E89F3B1FD65B9200A77EA7 /* UMShare.framework in Frameworks */ = {isa = PBXBuildFile; fileRef = 18E89F3A1FD65B9200A77EA7 /* UMShare.framework */; };
		18E89F3D1FD65BA000A77EA7 /* UMSocialSDKPromptResources.bundle in Resources */ = {isa = PBXBuildFile; fileRef = 18E89F3C1FD65BA000A77EA7 /* UMSocialSDKPromptResources.bundle */; };
		18E89F3F1FD65D9800A77EA7 /* UMCommon.framework in Frameworks */ = {isa = PBXBuildFile; fileRef = 18E89F3E1FD65D9700A77EA7 /* UMCommon.framework */; };
		18F3F8C71ED673E20007F31E /* AppDelegate+ZTVendorHelper.m in Sources */ = {isa = PBXBuildFile; fileRef = 18F3F89E1ED673E20007F31E /* AppDelegate+ZTVendorHelper.m */; };
		18F3F8C81ED673E20007F31E /* ZTVendorManager.m in Sources */ = {isa = PBXBuildFile; fileRef = 18F3F8A01ED673E20007F31E /* ZTVendorManager.m */; };
		18F3F8C91ED673E20007F31E /* ZTVendorPayManager.m in Sources */ = {isa = PBXBuildFile; fileRef = 18F3F8A21ED673E20007F31E /* ZTVendorPayManager.m */; };
		18F3F8CA1ED673E20007F31E /* ZTWXApiManager.m in Sources */ = {isa = PBXBuildFile; fileRef = 18F3F8A41ED673E20007F31E /* ZTWXApiManager.m */; };
		18F3F8CB1ED673E20007F31E /* ZTVendorAccountModel.m in Sources */ = {isa = PBXBuildFile; fileRef = 18F3F8A71ED673E20007F31E /* ZTVendorAccountModel.m */; };
		18F3F8CC1ED673E20007F31E /* ZTVendorPayModel.m in Sources */ = {isa = PBXBuildFile; fileRef = 18F3F8A91ED673E20007F31E /* ZTVendorPayModel.m */; };
		18F3F8CD1ED673E20007F31E /* ZTVendorShareModel.m in Sources */ = {isa = PBXBuildFile; fileRef = 18F3F8AB1ED673E20007F31E /* ZTVendorShareModel.m */; };
		18F3F8CE1ED673E20007F31E /* AlipaySDK.bundle in Resources */ = {isa = PBXBuildFile; fileRef = 18F3F8AE1ED673E20007F31E /* AlipaySDK.bundle */; };
		18F3F8CF1ED673E20007F31E /* AlipaySDK.framework in Frameworks */ = {isa = PBXBuildFile; fileRef = 18F3F8AF1ED673E20007F31E /* AlipaySDK.framework */; };
		18F3F8D01ED673E20007F31E /* libSocialQQ.a in Frameworks */ = {isa = PBXBuildFile; fileRef = 18F3F8B11ED673E20007F31E /* libSocialQQ.a */; };
		18F3F8D11ED673E20007F31E /* libSocialSina.a in Frameworks */ = {isa = PBXBuildFile; fileRef = 18F3F8B41ED673E20007F31E /* libSocialSina.a */; };
		18F3F8D51ED673E20007F31E /* libUMSocialLog.a in Frameworks */ = {isa = PBXBuildFile; fileRef = 18F3F8BC1ED673E20007F31E /* libUMSocialLog.a */; };
		18F3F8D61ED673E20007F31E /* libSocialWeChat.a in Frameworks */ = {isa = PBXBuildFile; fileRef = 18F3F8BE1ED673E20007F31E /* libSocialWeChat.a */; };
		18F3F8D71ED673E20007F31E /* libWeChatSDK.a in Frameworks */ = {isa = PBXBuildFile; fileRef = 18F3F8C11ED673E20007F31E /* libWeChatSDK.a */; };
		18F3F8D81ED673E20007F31E /* README.txt in Resources */ = {isa = PBXBuildFile; fileRef = 18F3F8C21ED673E20007F31E /* README.txt */; };
/* End PBXBuildFile section */

/* Begin PBXContainerItemProxy section */
		1893BC0E1ED3CD2100631B55 /* PBXContainerItemProxy */ = {
			isa = PBXContainerItemProxy;
			containerPortal = 1893BBEC1ED3CD2100631B55 /* Project object */;
			proxyType = 1;
			remoteGlobalIDString = 1893BBF31ED3CD2100631B55;
			remoteInfo = "Share&PayDemo";
		};
		1893BC191ED3CD2100631B55 /* PBXContainerItemProxy */ = {
			isa = PBXContainerItemProxy;
			containerPortal = 1893BBEC1ED3CD2100631B55 /* Project object */;
			proxyType = 1;
			remoteGlobalIDString = 1893BBF31ED3CD2100631B55;
			remoteInfo = "Share&PayDemo";
		};
/* End PBXContainerItemProxy section */

/* Begin PBXFileReference section */
		1893BBF41ED3CD2100631B55 /* Share&PayDemo.app */ = {isa = PBXFileReference; explicitFileType = wrapper.application; includeInIndex = 0; path = "Share&PayDemo.app"; sourceTree = BUILT_PRODUCTS_DIR; };
		1893BBF81ED3CD2100631B55 /* main.m */ = {isa = PBXFileReference; lastKnownFileType = sourcecode.c.objc; path = main.m; sourceTree = "<group>"; };
		1893BBFA1ED3CD2100631B55 /* AppDelegate.h */ = {isa = PBXFileReference; lastKnownFileType = sourcecode.c.h; path = AppDelegate.h; sourceTree = "<group>"; };
		1893BBFB1ED3CD2100631B55 /* AppDelegate.m */ = {isa = PBXFileReference; lastKnownFileType = sourcecode.c.objc; path = AppDelegate.m; sourceTree = "<group>"; };
		1893BBFD1ED3CD2100631B55 /* ViewController.h */ = {isa = PBXFileReference; lastKnownFileType = sourcecode.c.h; path = ViewController.h; sourceTree = "<group>"; };
		1893BBFE1ED3CD2100631B55 /* ViewController.m */ = {isa = PBXFileReference; lastKnownFileType = sourcecode.c.objc; path = ViewController.m; sourceTree = "<group>"; };
		1893BC011ED3CD2100631B55 /* Base */ = {isa = PBXFileReference; lastKnownFileType = file.storyboard; name = Base; path = Base.lproj/Main.storyboard; sourceTree = "<group>"; };
		1893BC031ED3CD2100631B55 /* Assets.xcassets */ = {isa = PBXFileReference; lastKnownFileType = folder.assetcatalog; path = Assets.xcassets; sourceTree = "<group>"; };
		1893BC061ED3CD2100631B55 /* Base */ = {isa = PBXFileReference; lastKnownFileType = file.storyboard; name = Base; path = Base.lproj/LaunchScreen.storyboard; sourceTree = "<group>"; };
		1893BC081ED3CD2100631B55 /* Info.plist */ = {isa = PBXFileReference; lastKnownFileType = text.plist.xml; path = Info.plist; sourceTree = "<group>"; };
		1893BC0D1ED3CD2100631B55 /* Share&PayDemoTests.xctest */ = {isa = PBXFileReference; explicitFileType = wrapper.cfbundle; includeInIndex = 0; path = "Share&PayDemoTests.xctest"; sourceTree = BUILT_PRODUCTS_DIR; };
		1893BC111ED3CD2100631B55 /* Share_PayDemoTests.m */ = {isa = PBXFileReference; lastKnownFileType = sourcecode.c.objc; path = Share_PayDemoTests.m; sourceTree = "<group>"; };
		1893BC131ED3CD2100631B55 /* Info.plist */ = {isa = PBXFileReference; lastKnownFileType = text.plist.xml; path = Info.plist; sourceTree = "<group>"; };
		1893BC181ED3CD2100631B55 /* Share&PayDemoUITests.xctest */ = {isa = PBXFileReference; explicitFileType = wrapper.cfbundle; includeInIndex = 0; path = "Share&PayDemoUITests.xctest"; sourceTree = BUILT_PRODUCTS_DIR; };
		1893BC1C1ED3CD2100631B55 /* Share_PayDemoUITests.m */ = {isa = PBXFileReference; lastKnownFileType = sourcecode.c.objc; path = Share_PayDemoUITests.m; sourceTree = "<group>"; };
		1893BC1E1ED3CD2100631B55 /* Info.plist */ = {isa = PBXFileReference; lastKnownFileType = text.plist.xml; path = Info.plist; sourceTree = "<group>"; };
		1893BC501ED3CFF300631B55 /* libc++.tbd */ = {isa = PBXFileReference; lastKnownFileType = "sourcecode.text-based-dylib-definition"; name = "libc++.tbd"; path = "usr/lib/libc++.tbd"; sourceTree = SDKROOT; };
		1893BC521ED3D00A00631B55 /* libsqlite3.tbd */ = {isa = PBXFileReference; lastKnownFileType = "sourcecode.text-based-dylib-definition"; name = libsqlite3.tbd; path = usr/lib/libsqlite3.tbd; sourceTree = SDKROOT; };
		1893BC541ED3D01D00631B55 /* CFNetwork.framework */ = {isa = PBXFileReference; lastKnownFileType = wrapper.framework; name = CFNetwork.framework; path = System/Library/Frameworks/CFNetwork.framework; sourceTree = SDKROOT; };
		1893BC561ED3D04B00631B55 /* libz.tbd */ = {isa = PBXFileReference; lastKnownFileType = "sourcecode.text-based-dylib-definition"; name = libz.tbd; path = usr/lib/libz.tbd; sourceTree = SDKROOT; };
		1893BC581ED3D06600631B55 /* CoreTelephony.framework */ = {isa = PBXFileReference; lastKnownFileType = wrapper.framework; name = CoreTelephony.framework; path = System/Library/Frameworks/CoreTelephony.framework; sourceTree = SDKROOT; };
		1893BC5A1ED3D07600631B55 /* SystemConfiguration.framework */ = {isa = PBXFileReference; lastKnownFileType = wrapper.framework; name = SystemConfiguration.framework; path = System/Library/Frameworks/SystemConfiguration.framework; sourceTree = SDKROOT; };
		1893BC6E1ED3D62400631B55 /* CoreMotion.framework */ = {isa = PBXFileReference; lastKnownFileType = wrapper.framework; name = CoreMotion.framework; path = System/Library/Frameworks/CoreMotion.framework; sourceTree = SDKROOT; };
		18E89F3A1FD65B9200A77EA7 /* UMShare.framework */ = {isa = PBXFileReference; lastKnownFileType = wrapper.framework; path = UMShare.framework; sourceTree = "<group>"; };
		18E89F3C1FD65BA000A77EA7 /* UMSocialSDKPromptResources.bundle */ = {isa = PBXFileReference; lastKnownFileType = "wrapper.plug-in"; path = UMSocialSDKPromptResources.bundle; sourceTree = "<group>"; };
		18E89F3E1FD65D9700A77EA7 /* UMCommon.framework */ = {isa = PBXFileReference; lastKnownFileType = wrapper.framework; path = UMCommon.framework; sourceTree = "<group>"; };
		18F3F89D1ED673E20007F31E /* AppDelegate+ZTVendorHelper.h */ = {isa = PBXFileReference; fileEncoding = 4; lastKnownFileType = sourcecode.c.h; path = "AppDelegate+ZTVendorHelper.h"; sourceTree = "<group>"; };
		18F3F89E1ED673E20007F31E /* AppDelegate+ZTVendorHelper.m */ = {isa = PBXFileReference; fileEncoding = 4; lastKnownFileType = sourcecode.c.objc; path = "AppDelegate+ZTVendorHelper.m"; sourceTree = "<group>"; };
		18F3F89F1ED673E20007F31E /* ZTVendorManager.h */ = {isa = PBXFileReference; fileEncoding = 4; lastKnownFileType = sourcecode.c.h; path = ZTVendorManager.h; sourceTree = "<group>"; };
		18F3F8A01ED673E20007F31E /* ZTVendorManager.m */ = {isa = PBXFileReference; fileEncoding = 4; lastKnownFileType = sourcecode.c.objc; path = ZTVendorManager.m; sourceTree = "<group>"; };
		18F3F8A11ED673E20007F31E /* ZTVendorPayManager.h */ = {isa = PBXFileReference; fileEncoding = 4; lastKnownFileType = sourcecode.c.h; path = ZTVendorPayManager.h; sourceTree = "<group>"; };
		18F3F8A21ED673E20007F31E /* ZTVendorPayManager.m */ = {isa = PBXFileReference; fileEncoding = 4; lastKnownFileType = sourcecode.c.objc; path = ZTVendorPayManager.m; sourceTree = "<group>"; };
		18F3F8A31ED673E20007F31E /* ZTWXApiManager.h */ = {isa = PBXFileReference; fileEncoding = 4; lastKnownFileType = sourcecode.c.h; path = ZTWXApiManager.h; sourceTree = "<group>"; };
		18F3F8A41ED673E20007F31E /* ZTWXApiManager.m */ = {isa = PBXFileReference; fileEncoding = 4; lastKnownFileType = sourcecode.c.objc; path = ZTWXApiManager.m; sourceTree = "<group>"; };
		18F3F8A61ED673E20007F31E /* ZTVendorAccountModel.h */ = {isa = PBXFileReference; fileEncoding = 4; lastKnownFileType = sourcecode.c.h; path = ZTVendorAccountModel.h; sourceTree = "<group>"; };
		18F3F8A71ED673E20007F31E /* ZTVendorAccountModel.m */ = {isa = PBXFileReference; fileEncoding = 4; lastKnownFileType = sourcecode.c.objc; path = ZTVendorAccountModel.m; sourceTree = "<group>"; };
		18F3F8A81ED673E20007F31E /* ZTVendorPayModel.h */ = {isa = PBXFileReference; fileEncoding = 4; lastKnownFileType = sourcecode.c.h; path = ZTVendorPayModel.h; sourceTree = "<group>"; };
		18F3F8A91ED673E20007F31E /* ZTVendorPayModel.m */ = {isa = PBXFileReference; fileEncoding = 4; lastKnownFileType = sourcecode.c.objc; path = ZTVendorPayModel.m; sourceTree = "<group>"; };
		18F3F8AA1ED673E20007F31E /* ZTVendorShareModel.h */ = {isa = PBXFileReference; fileEncoding = 4; lastKnownFileType = sourcecode.c.h; path = ZTVendorShareModel.h; sourceTree = "<group>"; };
		18F3F8AB1ED673E20007F31E /* ZTVendorShareModel.m */ = {isa = PBXFileReference; fileEncoding = 4; lastKnownFileType = sourcecode.c.objc; path = ZTVendorShareModel.m; sourceTree = "<group>"; };
		18F3F8AE1ED673E20007F31E /* AlipaySDK.bundle */ = {isa = PBXFileReference; lastKnownFileType = "wrapper.plug-in"; path = AlipaySDK.bundle; sourceTree = "<group>"; };
		18F3F8AF1ED673E20007F31E /* AlipaySDK.framework */ = {isa = PBXFileReference; lastKnownFileType = wrapper.framework; path = AlipaySDK.framework; sourceTree = "<group>"; };
		18F3F8B11ED673E20007F31E /* libSocialQQ.a */ = {isa = PBXFileReference; lastKnownFileType = archive.ar; path = libSocialQQ.a; sourceTree = "<group>"; };
		18F3F8B21ED673E20007F31E /* UMSocialQQHandler.h */ = {isa = PBXFileReference; fileEncoding = 4; lastKnownFileType = sourcecode.c.h; path = UMSocialQQHandler.h; sourceTree = "<group>"; };
		18F3F8B41ED673E20007F31E /* libSocialSina.a */ = {isa = PBXFileReference; lastKnownFileType = archive.ar; path = libSocialSina.a; sourceTree = "<group>"; };
		18F3F8B51ED673E20007F31E /* UMSocialSinaHandler.h */ = {isa = PBXFileReference; fileEncoding = 4; lastKnownFileType = sourcecode.c.h; path = UMSocialSinaHandler.h; sourceTree = "<group>"; };
		18F3F8BC1ED673E20007F31E /* libUMSocialLog.a */ = {isa = PBXFileReference; lastKnownFileType = archive.ar; path = libUMSocialLog.a; sourceTree = "<group>"; };
		18F3F8BE1ED673E20007F31E /* libSocialWeChat.a */ = {isa = PBXFileReference; lastKnownFileType = archive.ar; path = libSocialWeChat.a; sourceTree = "<group>"; };
		18F3F8BF1ED673E20007F31E /* UMSocialWechatHandler.h */ = {isa = PBXFileReference; fileEncoding = 4; lastKnownFileType = sourcecode.c.h; path = UMSocialWechatHandler.h; sourceTree = "<group>"; };
		18F3F8C11ED673E20007F31E /* libWeChatSDK.a */ = {isa = PBXFileReference; lastKnownFileType = archive.ar; path = libWeChatSDK.a; sourceTree = "<group>"; };
		18F3F8C21ED673E20007F31E /* README.txt */ = {isa = PBXFileReference; fileEncoding = 4; lastKnownFileType = text; path = README.txt; sourceTree = "<group>"; };
		18F3F8C31ED673E20007F31E /* WechatAuthSDK.h */ = {isa = PBXFileReference; fileEncoding = 4; lastKnownFileType = sourcecode.c.h; path = WechatAuthSDK.h; sourceTree = "<group>"; };
		18F3F8C41ED673E20007F31E /* WXApi.h */ = {isa = PBXFileReference; fileEncoding = 4; lastKnownFileType = sourcecode.c.h; path = WXApi.h; sourceTree = "<group>"; };
		18F3F8C51ED673E20007F31E /* WXApiObject.h */ = {isa = PBXFileReference; fileEncoding = 4; lastKnownFileType = sourcecode.c.h; path = WXApiObject.h; sourceTree = "<group>"; };
		18F3F8C61ED673E20007F31E /* ZTVendorManagerConfig.h */ = {isa = PBXFileReference; fileEncoding = 4; lastKnownFileType = sourcecode.c.h; path = ZTVendorManagerConfig.h; sourceTree = "<group>"; };
/* End PBXFileReference section */

/* Begin PBXFrameworksBuildPhase section */
		1893BBF11ED3CD2100631B55 /* Frameworks */ = {
			isa = PBXFrameworksBuildPhase;
			buildActionMask = 2147483647;
			files = (
				18F3F8D71ED673E20007F31E /* libWeChatSDK.a in Frameworks */,
				18F3F8D61ED673E20007F31E /* libSocialWeChat.a in Frameworks */,
				18F3F8D01ED673E20007F31E /* libSocialQQ.a in Frameworks */,
				18E89F3F1FD65D9800A77EA7 /* UMCommon.framework in Frameworks */,
				18F3F8CF1ED673E20007F31E /* AlipaySDK.framework in Frameworks */,
				18E89F3B1FD65B9200A77EA7 /* UMShare.framework in Frameworks */,
				18F3F8D11ED673E20007F31E /* libSocialSina.a in Frameworks */,
				1893BC6F1ED3D62400631B55 /* CoreMotion.framework in Frameworks */,
				1893BC5B1ED3D07600631B55 /* SystemConfiguration.framework in Frameworks */,
				1893BC591ED3D06600631B55 /* CoreTelephony.framework in Frameworks */,
				1893BC571ED3D04B00631B55 /* libz.tbd in Frameworks */,
				18F3F8D51ED673E20007F31E /* libUMSocialLog.a in Frameworks */,
				1893BC531ED3D00A00631B55 /* libsqlite3.tbd in Frameworks */,
				1893BC511ED3CFF300631B55 /* libc++.tbd in Frameworks */,
			);
			runOnlyForDeploymentPostprocessing = 0;
		};
		1893BC0A1ED3CD2100631B55 /* Frameworks */ = {
			isa = PBXFrameworksBuildPhase;
			buildActionMask = 2147483647;
			files = (
			);
			runOnlyForDeploymentPostprocessing = 0;
		};
		1893BC151ED3CD2100631B55 /* Frameworks */ = {
			isa = PBXFrameworksBuildPhase;
			buildActionMask = 2147483647;
			files = (
			);
			runOnlyForDeploymentPostprocessing = 0;
		};
/* End PBXFrameworksBuildPhase section */

/* Begin PBXGroup section */
		1893BBEB1ED3CD2100631B55 = {
			isa = PBXGroup;
			children = (
				18F3F89B1ED673E20007F31E /* ZTVendorManager */,
				1893BBF61ED3CD2100631B55 /* Share&PayDemo */,
				1893BC101ED3CD2100631B55 /* Share&PayDemoTests */,
				1893BC1B1ED3CD2100631B55 /* Share&PayDemoUITests */,
				1893BBF51ED3CD2100631B55 /* Products */,
				1893BC4F1ED3CFF300631B55 /* Frameworks */,
			);
			sourceTree = "<group>";
		};
		1893BBF51ED3CD2100631B55 /* Products */ = {
			isa = PBXGroup;
			children = (
				1893BBF41ED3CD2100631B55 /* Share&PayDemo.app */,
				1893BC0D1ED3CD2100631B55 /* Share&PayDemoTests.xctest */,
				1893BC181ED3CD2100631B55 /* Share&PayDemoUITests.xctest */,
			);
			name = Products;
			sourceTree = "<group>";
		};
		1893BBF61ED3CD2100631B55 /* Share&PayDemo */ = {
			isa = PBXGroup;
			children = (
				1893BBFA1ED3CD2100631B55 /* AppDelegate.h */,
				1893BBFB1ED3CD2100631B55 /* AppDelegate.m */,
				1893BBFD1ED3CD2100631B55 /* ViewController.h */,
				1893BBFE1ED3CD2100631B55 /* ViewController.m */,
				1893BC001ED3CD2100631B55 /* Main.storyboard */,
				1893BC031ED3CD2100631B55 /* Assets.xcassets */,
				1893BC051ED3CD2100631B55 /* LaunchScreen.storyboard */,
				1893BC081ED3CD2100631B55 /* Info.plist */,
				1893BBF71ED3CD2100631B55 /* Supporting Files */,
			);
			path = "Share&PayDemo";
			sourceTree = "<group>";
		};
		1893BBF71ED3CD2100631B55 /* Supporting Files */ = {
			isa = PBXGroup;
			children = (
				1893BBF81ED3CD2100631B55 /* main.m */,
			);
			name = "Supporting Files";
			sourceTree = "<group>";
		};
		1893BC101ED3CD2100631B55 /* Share&PayDemoTests */ = {
			isa = PBXGroup;
			children = (
				1893BC111ED3CD2100631B55 /* Share_PayDemoTests.m */,
				1893BC131ED3CD2100631B55 /* Info.plist */,
			);
			path = "Share&PayDemoTests";
			sourceTree = "<group>";
		};
		1893BC1B1ED3CD2100631B55 /* Share&PayDemoUITests */ = {
			isa = PBXGroup;
			children = (
				1893BC1C1ED3CD2100631B55 /* Share_PayDemoUITests.m */,
				1893BC1E1ED3CD2100631B55 /* Info.plist */,
			);
			path = "Share&PayDemoUITests";
			sourceTree = "<group>";
		};
		1893BC4F1ED3CFF300631B55 /* Frameworks */ = {
			isa = PBXGroup;
			children = (
				1893BC6E1ED3D62400631B55 /* CoreMotion.framework */,
				1893BC5A1ED3D07600631B55 /* SystemConfiguration.framework */,
				1893BC581ED3D06600631B55 /* CoreTelephony.framework */,
				1893BC561ED3D04B00631B55 /* libz.tbd */,
				1893BC541ED3D01D00631B55 /* CFNetwork.framework */,
				1893BC521ED3D00A00631B55 /* libsqlite3.tbd */,
				1893BC501ED3CFF300631B55 /* libc++.tbd */,
			);
			name = Frameworks;
			sourceTree = "<group>";
		};
		18F3F89B1ED673E20007F31E /* ZTVendorManager */ = {
			isa = PBXGroup;
			children = (
				18F3F89C1ED673E20007F31E /* Manager */,
				18F3F8A51ED673E20007F31E /* Model */,
				18F3F8AC1ED673E20007F31E /* VendorSDK */,
				18F3F8C61ED673E20007F31E /* ZTVendorManagerConfig.h */,
			);
			path = ZTVendorManager;
			sourceTree = "<group>";
		};
		18F3F89C1ED673E20007F31E /* Manager */ = {
			isa = PBXGroup;
			children = (
				18F3F89D1ED673E20007F31E /* AppDelegate+ZTVendorHelper.h */,
				18F3F89E1ED673E20007F31E /* AppDelegate+ZTVendorHelper.m */,
				18F3F89F1ED673E20007F31E /* ZTVendorManager.h */,
				18F3F8A01ED673E20007F31E /* ZTVendorManager.m */,
				18F3F8A11ED673E20007F31E /* ZTVendorPayManager.h */,
				18F3F8A21ED673E20007F31E /* ZTVendorPayManager.m */,
				18F3F8A31ED673E20007F31E /* ZTWXApiManager.h */,
				18F3F8A41ED673E20007F31E /* ZTWXApiManager.m */,
			);
			path = Manager;
			sourceTree = "<group>";
		};
		18F3F8A51ED673E20007F31E /* Model */ = {
			isa = PBXGroup;
			children = (
				18F3F8A61ED673E20007F31E /* ZTVendorAccountModel.h */,
				18F3F8A71ED673E20007F31E /* ZTVendorAccountModel.m */,
				18F3F8A81ED673E20007F31E /* ZTVendorPayModel.h */,
				18F3F8A91ED673E20007F31E /* ZTVendorPayModel.m */,
				18F3F8AA1ED673E20007F31E /* ZTVendorShareModel.h */,
				18F3F8AB1ED673E20007F31E /* ZTVendorShareModel.m */,
			);
			path = Model;
			sourceTree = "<group>";
		};
		18F3F8AC1ED673E20007F31E /* VendorSDK */ = {
			isa = PBXGroup;
			children = (
				18F3F8AD1ED673E20007F31E /* AlipaySDK */,
				18F3F8B01ED673E20007F31E /* QQ */,
				18F3F8B31ED673E20007F31E /* Sina */,
				18F3F8B61ED673E20007F31E /* UMSocial */,
				18F3F8BD1ED673E20007F31E /* WeChat */,
			);
			path = VendorSDK;
			sourceTree = "<group>";
		};
		18F3F8AD1ED673E20007F31E /* AlipaySDK */ = {
			isa = PBXGroup;
			children = (
				18F3F8AE1ED673E20007F31E /* AlipaySDK.bundle */,
				18F3F8AF1ED673E20007F31E /* AlipaySDK.framework */,
			);
			path = AlipaySDK;
			sourceTree = "<group>";
		};
		18F3F8B01ED673E20007F31E /* QQ */ = {
			isa = PBXGroup;
			children = (
				18F3F8B11ED673E20007F31E /* libSocialQQ.a */,
				18F3F8B21ED673E20007F31E /* UMSocialQQHandler.h */,
			);
			path = QQ;
			sourceTree = "<group>";
		};
		18F3F8B31ED673E20007F31E /* Sina */ = {
			isa = PBXGroup;
			children = (
				18F3F8B41ED673E20007F31E /* libSocialSina.a */,
				18F3F8B51ED673E20007F31E /* UMSocialSinaHandler.h */,
			);
			path = Sina;
			sourceTree = "<group>";
		};
		18F3F8B61ED673E20007F31E /* UMSocial */ = {
			isa = PBXGroup;
			children = (
				18F3F8B71ED673E20007F31E /* UMSocialSDK */,
				18F3F8BB1ED673E20007F31E /* UMSocialSDKPlugin */,
			);
			path = UMSocial;
			sourceTree = "<group>";
		};
		18F3F8B71ED673E20007F31E /* UMSocialSDK */ = {
			isa = PBXGroup;
			children = (
				18E89F3E1FD65D9700A77EA7 /* UMCommon.framework */,
				18E89F3A1FD65B9200A77EA7 /* UMShare.framework */,
			);
			path = UMSocialSDK;
			sourceTree = "<group>";
		};
		18F3F8BB1ED673E20007F31E /* UMSocialSDKPlugin */ = {
			isa = PBXGroup;
			children = (
				18E89F3C1FD65BA000A77EA7 /* UMSocialSDKPromptResources.bundle */,
				18F3F8BC1ED673E20007F31E /* libUMSocialLog.a */,
			);
			path = UMSocialSDKPlugin;
			sourceTree = "<group>";
		};
		18F3F8BD1ED673E20007F31E /* WeChat */ = {
			isa = PBXGroup;
			children = (
				18F3F8BE1ED673E20007F31E /* libSocialWeChat.a */,
				18F3F8BF1ED673E20007F31E /* UMSocialWechatHandler.h */,
				18F3F8C01ED673E20007F31E /* WechatSDK */,
			);
			path = WeChat;
			sourceTree = "<group>";
		};
		18F3F8C01ED673E20007F31E /* WechatSDK */ = {
			isa = PBXGroup;
			children = (
				18F3F8C11ED673E20007F31E /* libWeChatSDK.a */,
				18F3F8C21ED673E20007F31E /* README.txt */,
				18F3F8C31ED673E20007F31E /* WechatAuthSDK.h */,
				18F3F8C41ED673E20007F31E /* WXApi.h */,
				18F3F8C51ED673E20007F31E /* WXApiObject.h */,
			);
			path = WechatSDK;
			sourceTree = "<group>";
		};
/* End PBXGroup section */

/* Begin PBXNativeTarget section */
		1893BBF31ED3CD2100631B55 /* Share&PayDemo */ = {
			isa = PBXNativeTarget;
			buildConfigurationList = 1893BC211ED3CD2100631B55 /* Build configuration list for PBXNativeTarget "Share&PayDemo" */;
			buildPhases = (
				1893BBF01ED3CD2100631B55 /* Sources */,
				1893BBF11ED3CD2100631B55 /* Frameworks */,
				1893BBF21ED3CD2100631B55 /* Resources */,
			);
			buildRules = (
			);
			dependencies = (
			);
			name = "Share&PayDemo";
			productName = "Share&PayDemo";
			productReference = 1893BBF41ED3CD2100631B55 /* Share&PayDemo.app */;
			productType = "com.apple.product-type.application";
		};
		1893BC0C1ED3CD2100631B55 /* Share&PayDemoTests */ = {
			isa = PBXNativeTarget;
			buildConfigurationList = 1893BC241ED3CD2100631B55 /* Build configuration list for PBXNativeTarget "Share&PayDemoTests" */;
			buildPhases = (
				1893BC091ED3CD2100631B55 /* Sources */,
				1893BC0A1ED3CD2100631B55 /* Frameworks */,
				1893BC0B1ED3CD2100631B55 /* Resources */,
			);
			buildRules = (
			);
			dependencies = (
				1893BC0F1ED3CD2100631B55 /* PBXTargetDependency */,
			);
			name = "Share&PayDemoTests";
			productName = "Share&PayDemoTests";
			productReference = 1893BC0D1ED3CD2100631B55 /* Share&PayDemoTests.xctest */;
			productType = "com.apple.product-type.bundle.unit-test";
		};
		1893BC171ED3CD2100631B55 /* Share&PayDemoUITests */ = {
			isa = PBXNativeTarget;
			buildConfigurationList = 1893BC271ED3CD2100631B55 /* Build configuration list for PBXNativeTarget "Share&PayDemoUITests" */;
			buildPhases = (
				1893BC141ED3CD2100631B55 /* Sources */,
				1893BC151ED3CD2100631B55 /* Frameworks */,
				1893BC161ED3CD2100631B55 /* Resources */,
			);
			buildRules = (
			);
			dependencies = (
				1893BC1A1ED3CD2100631B55 /* PBXTargetDependency */,
			);
			name = "Share&PayDemoUITests";
			productName = "Share&PayDemoUITests";
			productReference = 1893BC181ED3CD2100631B55 /* Share&PayDemoUITests.xctest */;
			productType = "com.apple.product-type.bundle.ui-testing";
		};
/* End PBXNativeTarget section */

/* Begin PBXProject section */
		1893BBEC1ED3CD2100631B55 /* Project object */ = {
			isa = PBXProject;
			attributes = {
				LastUpgradeCheck = 0910;
				ORGANIZATIONNAME = shang;
				TargetAttributes = {
					1893BBF31ED3CD2100631B55 = {
						CreatedOnToolsVersion = 8.3;
						DevelopmentTeam = 9Y8B7ULTGR;
						ProvisioningStyle = Automatic;
					};
					1893BC0C1ED3CD2100631B55 = {
						CreatedOnToolsVersion = 8.3;
						DevelopmentTeam = 28S87GSRGJ;
						ProvisioningStyle = Automatic;
						TestTargetID = 1893BBF31ED3CD2100631B55;
					};
					1893BC171ED3CD2100631B55 = {
						CreatedOnToolsVersion = 8.3;
						DevelopmentTeam = 28S87GSRGJ;
						ProvisioningStyle = Automatic;
						TestTargetID = 1893BBF31ED3CD2100631B55;
					};
				};
			};
			buildConfigurationList = 1893BBEF1ED3CD2100631B55 /* Build configuration list for PBXProject "Share&PayDemo" */;
			compatibilityVersion = "Xcode 3.2";
			developmentRegion = English;
			hasScannedForEncodings = 0;
			knownRegions = (
				en,
				Base,
			);
			mainGroup = 1893BBEB1ED3CD2100631B55;
			productRefGroup = 1893BBF51ED3CD2100631B55 /* Products */;
			projectDirPath = "";
			projectRoot = "";
			targets = (
				1893BBF31ED3CD2100631B55 /* Share&PayDemo */,
				1893BC0C1ED3CD2100631B55 /* Share&PayDemoTests */,
				1893BC171ED3CD2100631B55 /* Share&PayDemoUITests */,
			);
		};
/* End PBXProject section */

/* Begin PBXResourcesBuildPhase section */
		1893BBF21ED3CD2100631B55 /* Resources */ = {
			isa = PBXResourcesBuildPhase;
			buildActionMask = 2147483647;
			files = (
				1893BC071ED3CD2100631B55 /* LaunchScreen.storyboard in Resources */,
				18E89F3D1FD65BA000A77EA7 /* UMSocialSDKPromptResources.bundle in Resources */,
				1893BC041ED3CD2100631B55 /* Assets.xcassets in Resources */,
				18F3F8CE1ED673E20007F31E /* AlipaySDK.bundle in Resources */,
				18F3F8D81ED673E20007F31E /* README.txt in Resources */,
				1893BC021ED3CD2100631B55 /* Main.storyboard in Resources */,
			);
			runOnlyForDeploymentPostprocessing = 0;
		};
		1893BC0B1ED3CD2100631B55 /* Resources */ = {
			isa = PBXResourcesBuildPhase;
			buildActionMask = 2147483647;
			files = (
			);
			runOnlyForDeploymentPostprocessing = 0;
		};
		1893BC161ED3CD2100631B55 /* Resources */ = {
			isa = PBXResourcesBuildPhase;
			buildActionMask = 2147483647;
			files = (
			);
			runOnlyForDeploymentPostprocessing = 0;
		};
/* End PBXResourcesBuildPhase section */

/* Begin PBXSourcesBuildPhase section */
		1893BBF01ED3CD2100631B55 /* Sources */ = {
			isa = PBXSourcesBuildPhase;
			buildActionMask = 2147483647;
			files = (
				18F3F8CC1ED673E20007F31E /* ZTVendorPayModel.m in Sources */,
				18F3F8CD1ED673E20007F31E /* ZTVendorShareModel.m in Sources */,
				18F3F8C91ED673E20007F31E /* ZTVendorPayManager.m in Sources */,
				1893BBFF1ED3CD2100631B55 /* ViewController.m in Sources */,
				1893BBFC1ED3CD2100631B55 /* AppDelegate.m in Sources */,
				18F3F8CB1ED673E20007F31E /* ZTVendorAccountModel.m in Sources */,
				18F3F8C81ED673E20007F31E /* ZTVendorManager.m in Sources */,
				18F3F8C71ED673E20007F31E /* AppDelegate+ZTVendorHelper.m in Sources */,
				18F3F8CA1ED673E20007F31E /* ZTWXApiManager.m in Sources */,
				1893BBF91ED3CD2100631B55 /* main.m in Sources */,
			);
			runOnlyForDeploymentPostprocessing = 0;
		};
		1893BC091ED3CD2100631B55 /* Sources */ = {
			isa = PBXSourcesBuildPhase;
			buildActionMask = 2147483647;
			files = (
				1893BC121ED3CD2100631B55 /* Share_PayDemoTests.m in Sources */,
			);
			runOnlyForDeploymentPostprocessing = 0;
		};
		1893BC141ED3CD2100631B55 /* Sources */ = {
			isa = PBXSourcesBuildPhase;
			buildActionMask = 2147483647;
			files = (
				1893BC1D1ED3CD2100631B55 /* Share_PayDemoUITests.m in Sources */,
			);
			runOnlyForDeploymentPostprocessing = 0;
		};
/* End PBXSourcesBuildPhase section */

/* Begin PBXTargetDependency section */
		1893BC0F1ED3CD2100631B55 /* PBXTargetDependency */ = {
			isa = PBXTargetDependency;
			target = 1893BBF31ED3CD2100631B55 /* Share&PayDemo */;
			targetProxy = 1893BC0E1ED3CD2100631B55 /* PBXContainerItemProxy */;
		};
		1893BC1A1ED3CD2100631B55 /* PBXTargetDependency */ = {
			isa = PBXTargetDependency;
			target = 1893BBF31ED3CD2100631B55 /* Share&PayDemo */;
			targetProxy = 1893BC191ED3CD2100631B55 /* PBXContainerItemProxy */;
		};
/* End PBXTargetDependency section */

/* Begin PBXVariantGroup section */
		1893BC001ED3CD2100631B55 /* Main.storyboard */ = {
			isa = PBXVariantGroup;
			children = (
				1893BC011ED3CD2100631B55 /* Base */,
			);
			name = Main.storyboard;
			sourceTree = "<group>";
		};
		1893BC051ED3CD2100631B55 /* LaunchScreen.storyboard */ = {
			isa = PBXVariantGroup;
			children = (
				1893BC061ED3CD2100631B55 /* Base */,
			);
			name = LaunchScreen.storyboard;
			sourceTree = "<group>";
		};
/* End PBXVariantGroup section */

/* Begin XCBuildConfiguration section */
		1893BC1F1ED3CD2100631B55 /* Debug */ = {
			isa = XCBuildConfiguration;
			buildSettings = {
				ALWAYS_SEARCH_USER_PATHS = NO;
				CLANG_ANALYZER_NONNULL = YES;
				CLANG_ANALYZER_NUMBER_OBJECT_CONVERSION = YES_AGGRESSIVE;
				CLANG_CXX_LANGUAGE_STANDARD = "gnu++0x";
				CLANG_CXX_LIBRARY = "libc++";
				CLANG_ENABLE_MODULES = YES;
				CLANG_ENABLE_OBJC_ARC = YES;
				CLANG_WARN_BLOCK_CAPTURE_AUTORELEASING = YES;
				CLANG_WARN_BOOL_CONVERSION = YES;
				CLANG_WARN_COMMA = YES;
				CLANG_WARN_CONSTANT_CONVERSION = YES;
				CLANG_WARN_DIRECT_OBJC_ISA_USAGE = YES_ERROR;
				CLANG_WARN_DOCUMENTATION_COMMENTS = YES;
				CLANG_WARN_EMPTY_BODY = YES;
				CLANG_WARN_ENUM_CONVERSION = YES;
				CLANG_WARN_INFINITE_RECURSION = YES;
				CLANG_WARN_INT_CONVERSION = YES;
				CLANG_WARN_NON_LITERAL_NULL_CONVERSION = YES;
				CLANG_WARN_OBJC_LITERAL_CONVERSION = YES;
				CLANG_WARN_OBJC_ROOT_CLASS = YES_ERROR;
				CLANG_WARN_RANGE_LOOP_ANALYSIS = YES;
				CLANG_WARN_STRICT_PROTOTYPES = YES;
				CLANG_WARN_SUSPICIOUS_MOVE = YES;
				CLANG_WARN_UNREACHABLE_CODE = YES;
				CLANG_WARN__DUPLICATE_METHOD_MATCH = YES;
				"CODE_SIGN_IDENTITY[sdk=iphoneos*]" = "iPhone Developer";
				COPY_PHASE_STRIP = NO;
				DEBUG_INFORMATION_FORMAT = dwarf;
				ENABLE_STRICT_OBJC_MSGSEND = YES;
				ENABLE_TESTABILITY = YES;
				GCC_C_LANGUAGE_STANDARD = gnu99;
				GCC_DYNAMIC_NO_PIC = NO;
				GCC_NO_COMMON_BLOCKS = YES;
				GCC_OPTIMIZATION_LEVEL = 0;
				GCC_PREPROCESSOR_DEFINITIONS = (
					"DEBUG=1",
					"$(inherited)",
				);
				GCC_WARN_64_TO_32_BIT_CONVERSION = YES;
				GCC_WARN_ABOUT_RETURN_TYPE = YES_ERROR;
				GCC_WARN_UNDECLARED_SELECTOR = YES;
				GCC_WARN_UNINITIALIZED_AUTOS = YES_AGGRESSIVE;
				GCC_WARN_UNUSED_FUNCTION = YES;
				GCC_WARN_UNUSED_VARIABLE = YES;
				IPHONEOS_DEPLOYMENT_TARGET = 10.3;
				MTL_ENABLE_DEBUG_INFO = YES;
				ONLY_ACTIVE_ARCH = YES;
				SDKROOT = iphoneos;
			};
			name = Debug;
		};
		1893BC201ED3CD2100631B55 /* Release */ = {
			isa = XCBuildConfiguration;
			buildSettings = {
				ALWAYS_SEARCH_USER_PATHS = NO;
				CLANG_ANALYZER_NONNULL = YES;
				CLANG_ANALYZER_NUMBER_OBJECT_CONVERSION = YES_AGGRESSIVE;
				CLANG_CXX_LANGUAGE_STANDARD = "gnu++0x";
				CLANG_CXX_LIBRARY = "libc++";
				CLANG_ENABLE_MODULES = YES;
				CLANG_ENABLE_OBJC_ARC = YES;
				CLANG_WARN_BLOCK_CAPTURE_AUTORELEASING = YES;
				CLANG_WARN_BOOL_CONVERSION = YES;
				CLANG_WARN_COMMA = YES;
				CLANG_WARN_CONSTANT_CONVERSION = YES;
				CLANG_WARN_DIRECT_OBJC_ISA_USAGE = YES_ERROR;
				CLANG_WARN_DOCUMENTATION_COMMENTS = YES;
				CLANG_WARN_EMPTY_BODY = YES;
				CLANG_WARN_ENUM_CONVERSION = YES;
				CLANG_WARN_INFINITE_RECURSION = YES;
				CLANG_WARN_INT_CONVERSION = YES;
				CLANG_WARN_NON_LITERAL_NULL_CONVERSION = YES;
				CLANG_WARN_OBJC_LITERAL_CONVERSION = YES;
				CLANG_WARN_OBJC_ROOT_CLASS = YES_ERROR;
				CLANG_WARN_RANGE_LOOP_ANALYSIS = YES;
				CLANG_WARN_STRICT_PROTOTYPES = YES;
				CLANG_WARN_SUSPICIOUS_MOVE = YES;
				CLANG_WARN_UNREACHABLE_CODE = YES;
				CLANG_WARN__DUPLICATE_METHOD_MATCH = YES;
				"CODE_SIGN_IDENTITY[sdk=iphoneos*]" = "iPhone Developer";
				COPY_PHASE_STRIP = NO;
				DEBUG_INFORMATION_FORMAT = "dwarf-with-dsym";
				ENABLE_NS_ASSERTIONS = NO;
				ENABLE_STRICT_OBJC_MSGSEND = YES;
				GCC_C_LANGUAGE_STANDARD = gnu99;
				GCC_NO_COMMON_BLOCKS = YES;
				GCC_WARN_64_TO_32_BIT_CONVERSION = YES;
				GCC_WARN_ABOUT_RETURN_TYPE = YES_ERROR;
				GCC_WARN_UNDECLARED_SELECTOR = YES;
				GCC_WARN_UNINITIALIZED_AUTOS = YES_AGGRESSIVE;
				GCC_WARN_UNUSED_FUNCTION = YES;
				GCC_WARN_UNUSED_VARIABLE = YES;
				IPHONEOS_DEPLOYMENT_TARGET = 10.3;
				MTL_ENABLE_DEBUG_INFO = NO;
				SDKROOT = iphoneos;
				VALIDATE_PRODUCT = YES;
			};
			name = Release;
		};
		1893BC221ED3CD2100631B55 /* Debug */ = {
			isa = XCBuildConfiguration;
			buildSettings = {
				ASSETCATALOG_COMPILER_APPICON_NAME = AppIcon;
				DEVELOPMENT_TEAM = 9Y8B7ULTGR;
				FRAMEWORK_SEARCH_PATHS = (
					"$(inherited)",
					"$(PROJECT_DIR)/ZTVendorManager/VendorSDK/AlipaySDK",
					"$(PROJECT_DIR)/ZTVendorManager/VendorSDK/UMSocial/UMSocialSDK",
				);
				INFOPLIST_FILE = "Share&PayDemo/Info.plist";
				IPHONEOS_DEPLOYMENT_TARGET = 9;
				LD_RUNPATH_SEARCH_PATHS = "$(inherited) @executable_path/Frameworks";
				LIBRARY_SEARCH_PATHS = (
					"$(inherited)",
					"$(PROJECT_DIR)/ZTVendorManager/VendorSDK/QQ",
					"$(PROJECT_DIR)/ZTVendorManager/VendorSDK/Sina",
					"$(PROJECT_DIR)/ZTVendorManager/VendorSDK/UMSocial/UMSocialSDKPlugin",
					"$(PROJECT_DIR)/ZTVendorManager/VendorSDK/WeChat",
					"$(PROJECT_DIR)/ZTVendorManager/VendorSDK/WeChat/WechatSDK",
				);
				OTHER_LDFLAGS = "-ObjC";
				PRODUCT_BUNDLE_IDENTIFIER = tao.SharePayDemo;
				PRODUCT_NAME = "$(TARGET_NAME)";
			};
			name = Debug;
		};
		1893BC231ED3CD2100631B55 /* Release */ = {
			isa = XCBuildConfiguration;
			buildSettings = {
				ASSETCATALOG_COMPILER_APPICON_NAME = AppIcon;
				DEVELOPMENT_TEAM = 9Y8B7ULTGR;
				FRAMEWORK_SEARCH_PATHS = (
					"$(inherited)",
					"$(PROJECT_DIR)/ZTVendorManager/VendorSDK/AlipaySDK",
					"$(PROJECT_DIR)/ZTVendorManager/VendorSDK/UMSocial/UMSocialSDK",
				);
				INFOPLIST_FILE = "Share&PayDemo/Info.plist";
				IPHONEOS_DEPLOYMENT_TARGET = 9;
				LD_RUNPATH_SEARCH_PATHS = "$(inherited) @executable_path/Frameworks";
				LIBRARY_SEARCH_PATHS = (
					"$(inherited)",
					"$(PROJECT_DIR)/ZTVendorManager/VendorSDK/QQ",
					"$(PROJECT_DIR)/ZTVendorManager/VendorSDK/Sina",
					"$(PROJECT_DIR)/ZTVendorManager/VendorSDK/UMSocial/UMSocialSDKPlugin",
					"$(PROJECT_DIR)/ZTVendorManager/VendorSDK/WeChat",
					"$(PROJECT_DIR)/ZTVendorManager/VendorSDK/WeChat/WechatSDK",
				);
				OTHER_LDFLAGS = "-ObjC";
				PRODUCT_BUNDLE_IDENTIFIER = tao.SharePayDemo;
				PRODUCT_NAME = "$(TARGET_NAME)";
			};
			name = Release;
		};
		1893BC251ED3CD2100631B55 /* Debug */ = {
			isa = XCBuildConfiguration;
			buildSettings = {
				BUNDLE_LOADER = "$(TEST_HOST)";
				DEVELOPMENT_TEAM = 28S87GSRGJ;
				INFOPLIST_FILE = "Share&PayDemoTests/Info.plist";
				LD_RUNPATH_SEARCH_PATHS = "$(inherited) @executable_path/Frameworks @loader_path/Frameworks";
				PRODUCT_BUNDLE_IDENTIFIER = "tao.Share-PayDemoTests";
				PRODUCT_NAME = "$(TARGET_NAME)";
				TEST_HOST = "$(BUILT_PRODUCTS_DIR)/Share&PayDemo.app/Share&PayDemo";
			};
			name = Debug;
		};
		1893BC261ED3CD2100631B55 /* Release */ = {
			isa = XCBuildConfiguration;
			buildSettings = {
				BUNDLE_LOADER = "$(TEST_HOST)";
				DEVELOPMENT_TEAM = 28S87GSRGJ;
				INFOPLIST_FILE = "Share&PayDemoTests/Info.plist";
				LD_RUNPATH_SEARCH_PATHS = "$(inherited) @executable_path/Frameworks @loader_path/Frameworks";
				PRODUCT_BUNDLE_IDENTIFIER = "tao.Share-PayDemoTests";
				PRODUCT_NAME = "$(TARGET_NAME)";
				TEST_HOST = "$(BUILT_PRODUCTS_DIR)/Share&PayDemo.app/Share&PayDemo";
			};
			name = Release;
		};
		1893BC281ED3CD2100631B55 /* Debug */ = {
			isa = XCBuildConfiguration;
			buildSettings = {
				DEVELOPMENT_TEAM = 28S87GSRGJ;
				INFOPLIST_FILE = "Share&PayDemoUITests/Info.plist";
				LD_RUNPATH_SEARCH_PATHS = "$(inherited) @executable_path/Frameworks @loader_path/Frameworks";
				PRODUCT_BUNDLE_IDENTIFIER = "tao.Share-PayDemoUITests";
				PRODUCT_NAME = "$(TARGET_NAME)";
				TEST_TARGET_NAME = "Share&PayDemo";
			};
			name = Debug;
		};
		1893BC291ED3CD2100631B55 /* Release */ = {
			isa = XCBuildConfiguration;
			buildSettings = {
				DEVELOPMENT_TEAM = 28S87GSRGJ;
				INFOPLIST_FILE = "Share&PayDemoUITests/Info.plist";
				LD_RUNPATH_SEARCH_PATHS = "$(inherited) @executable_path/Frameworks @loader_path/Frameworks";
				PRODUCT_BUNDLE_IDENTIFIER = "tao.Share-PayDemoUITests";
				PRODUCT_NAME = "$(TARGET_NAME)";
				TEST_TARGET_NAME = "Share&PayDemo";
			};
			name = Release;
		};
/* End XCBuildConfiguration section */

/* Begin XCConfigurationList section */
		1893BBEF1ED3CD2100631B55 /* Build configuration list for PBXProject "Share&PayDemo" */ = {
			isa = XCConfigurationList;
			buildConfigurations = (
				1893BC1F1ED3CD2100631B55 /* Debug */,
				1893BC201ED3CD2100631B55 /* Release */,
			);
			defaultConfigurationIsVisible = 0;
			defaultConfigurationName = Release;
		};
		1893BC211ED3CD2100631B55 /* Build configuration list for PBXNativeTarget "Share&PayDemo" */ = {
			isa = XCConfigurationList;
			buildConfigurations = (
				1893BC221ED3CD2100631B55 /* Debug */,
				1893BC231ED3CD2100631B55 /* Release */,
			);
			defaultConfigurationIsVisible = 0;
			defaultConfigurationName = Release;
		};
		1893BC241ED3CD2100631B55 /* Build configuration list for PBXNativeTarget "Share&PayDemoTests" */ = {
			isa = XCConfigurationList;
			buildConfigurations = (
				1893BC251ED3CD2100631B55 /* Debug */,
				1893BC261ED3CD2100631B55 /* Release */,
			);
			defaultConfigurationIsVisible = 0;
			defaultConfigurationName = Release;
		};
		1893BC271ED3CD2100631B55 /* Build configuration list for PBXNativeTarget "Share&PayDemoUITests" */ = {
			isa = XCConfigurationList;
			buildConfigurations = (
				1893BC281ED3CD2100631B55 /* Debug */,
				1893BC291ED3CD2100631B55 /* Release */,
			);
			defaultConfigurationIsVisible = 0;
			defaultConfigurationName = Release;
		};
/* End XCConfigurationList section */
	};
	rootObject = 1893BBEC1ED3CD2100631B55 /* Project object */;
}
